// !$*UTF8*$!
{
	archiveVersion = 1;
	classes = {
	};
	objectVersion = 48;
	objects = {

/* Begin PBXBuildFile section */
		C12778631FB1880E002FA07B /* AppDelegate.swift in Sources */ = {isa = PBXBuildFile; fileRef = C12778621FB1880E002FA07B /* AppDelegate.swift */; };
		C127786A1FB1880E002FA07B /* Main.storyboard in Resources */ = {isa = PBXBuildFile; fileRef = C12778681FB1880E002FA07B /* Main.storyboard */; };
		C127786C1FB1880E002FA07B /* Assets.xcassets in Resources */ = {isa = PBXBuildFile; fileRef = C127786B1FB1880E002FA07B /* Assets.xcassets */; };
		C127786F1FB1880E002FA07B /* LaunchScreen.storyboard in Resources */ = {isa = PBXBuildFile; fileRef = C127786D1FB1880E002FA07B /* LaunchScreen.storyboard */; };
		C127787A1FB1880E002FA07B /* BoostTests.swift in Sources */ = {isa = PBXBuildFile; fileRef = C12778791FB1880E002FA07B /* BoostTests.swift */; };
		C1EBB38B1FBA39C200C4A012 /* Calendar.storyboard in Resources */ = {isa = PBXBuildFile; fileRef = C1EBB38A1FBA39C200C4A012 /* Calendar.storyboard */; };
		C1EBB38D1FBA3BE300C4A012 /* CalendarViewController.swift in Sources */ = {isa = PBXBuildFile; fileRef = C1EBB38C1FBA3BE300C4A012 /* CalendarViewController.swift */; };
		C1EBB38F1FBA3D0300C4A012 /* Flashcard.storyboard in Resources */ = {isa = PBXBuildFile; fileRef = C1EBB38E1FBA3D0300C4A012 /* Flashcard.storyboard */; };
		C1EBB3911FBA3DA500C4A012 /* FlashcardViewController.swift in Sources */ = {isa = PBXBuildFile; fileRef = C1EBB3901FBA3DA500C4A012 /* FlashcardViewController.swift */; };
		C1EBB3931FBA404900C4A012 /* Note.storyboard in Resources */ = {isa = PBXBuildFile; fileRef = C1EBB3921FBA404900C4A012 /* Note.storyboard */; };
		C1EBB3951FBA405900C4A012 /* NoteViewController.swift in Sources */ = {isa = PBXBuildFile; fileRef = C1EBB3941FBA405900C4A012 /* NoteViewController.swift */; };
		C1EBB3971FBA415300C4A012 /* Timer.storyboard in Resources */ = {isa = PBXBuildFile; fileRef = C1EBB3961FBA415300C4A012 /* Timer.storyboard */; };
		C1EBB3991FBA416600C4A012 /* TimerViewController.swift in Sources */ = {isa = PBXBuildFile; fileRef = C1EBB3981FBA416600C4A012 /* TimerViewController.swift */; };
		C1EBB39B1FBA421400C4A012 /* ToDoViewController.swift in Sources */ = {isa = PBXBuildFile; fileRef = C1EBB39A1FBA421400C4A012 /* ToDoViewController.swift */; };
		C1EBB39D1FBA424A00C4A012 /* ToDo.storyboard in Resources */ = {isa = PBXBuildFile; fileRef = C1EBB39C1FBA424A00C4A012 /* ToDo.storyboard */; };
/* End PBXBuildFile section */

/* Begin PBXContainerItemProxy section */
		C12778761FB1880E002FA07B /* PBXContainerItemProxy */ = {
			isa = PBXContainerItemProxy;
			containerPortal = C12778571FB1880E002FA07B /* Project object */;
			proxyType = 1;
			remoteGlobalIDString = C127785E1FB1880E002FA07B;
			remoteInfo = Boost;
		};
/* End PBXContainerItemProxy section */

/* Begin PBXFileReference section */
		C127785F1FB1880E002FA07B /* Boost.app */ = {isa = PBXFileReference; explicitFileType = wrapper.application; includeInIndex = 0; path = Boost.app; sourceTree = BUILT_PRODUCTS_DIR; };
		C12778621FB1880E002FA07B /* AppDelegate.swift */ = {isa = PBXFileReference; lastKnownFileType = sourcecode.swift; path = AppDelegate.swift; sourceTree = "<group>"; };
		C12778691FB1880E002FA07B /* Base */ = {isa = PBXFileReference; lastKnownFileType = file.storyboard; name = Base; path = Base.lproj/Main.storyboard; sourceTree = "<group>"; };
		C127786B1FB1880E002FA07B /* Assets.xcassets */ = {isa = PBXFileReference; lastKnownFileType = folder.assetcatalog; path = Assets.xcassets; sourceTree = "<group>"; };
		C127786E1FB1880E002FA07B /* Base */ = {isa = PBXFileReference; lastKnownFileType = file.storyboard; name = Base; path = Base.lproj/LaunchScreen.storyboard; sourceTree = "<group>"; };
		C12778701FB1880E002FA07B /* Info.plist */ = {isa = PBXFileReference; lastKnownFileType = text.plist.xml; path = Info.plist; sourceTree = "<group>"; };
		C12778751FB1880E002FA07B /* BoostTests.xctest */ = {isa = PBXFileReference; explicitFileType = wrapper.cfbundle; includeInIndex = 0; path = BoostTests.xctest; sourceTree = BUILT_PRODUCTS_DIR; };
		C12778791FB1880E002FA07B /* BoostTests.swift */ = {isa = PBXFileReference; lastKnownFileType = sourcecode.swift; path = BoostTests.swift; sourceTree = "<group>"; };
		C127787B1FB1880E002FA07B /* Info.plist */ = {isa = PBXFileReference; lastKnownFileType = text.plist.xml; path = Info.plist; sourceTree = "<group>"; };
		C1EBB38A1FBA39C200C4A012 /* Calendar.storyboard */ = {isa = PBXFileReference; lastKnownFileType = file.storyboard; path = Calendar.storyboard; sourceTree = "<group>"; };
		C1EBB38C1FBA3BE300C4A012 /* CalendarViewController.swift */ = {isa = PBXFileReference; lastKnownFileType = sourcecode.swift; path = CalendarViewController.swift; sourceTree = "<group>"; };
		C1EBB38E1FBA3D0300C4A012 /* Flashcard.storyboard */ = {isa = PBXFileReference; lastKnownFileType = file.storyboard; path = Flashcard.storyboard; sourceTree = "<group>"; };
		C1EBB3901FBA3DA500C4A012 /* FlashcardViewController.swift */ = {isa = PBXFileReference; lastKnownFileType = sourcecode.swift; path = FlashcardViewController.swift; sourceTree = "<group>"; };
		C1EBB3921FBA404900C4A012 /* Note.storyboard */ = {isa = PBXFileReference; lastKnownFileType = file.storyboard; path = Note.storyboard; sourceTree = "<group>"; };
		C1EBB3941FBA405900C4A012 /* NoteViewController.swift */ = {isa = PBXFileReference; lastKnownFileType = sourcecode.swift; path = NoteViewController.swift; sourceTree = "<group>"; };
		C1EBB3961FBA415300C4A012 /* Timer.storyboard */ = {isa = PBXFileReference; lastKnownFileType = file.storyboard; path = Timer.storyboard; sourceTree = "<group>"; };
		C1EBB3981FBA416600C4A012 /* TimerViewController.swift */ = {isa = PBXFileReference; lastKnownFileType = sourcecode.swift; path = TimerViewController.swift; sourceTree = "<group>"; };
		C1EBB39A1FBA421400C4A012 /* ToDoViewController.swift */ = {isa = PBXFileReference; lastKnownFileType = sourcecode.swift; path = ToDoViewController.swift; sourceTree = "<group>"; };
		C1EBB39C1FBA424A00C4A012 /* ToDo.storyboard */ = {isa = PBXFileReference; lastKnownFileType = file.storyboard; path = ToDo.storyboard; sourceTree = "<group>"; };
/* End PBXFileReference section */

/* Begin PBXFrameworksBuildPhase section */
		C127785C1FB1880E002FA07B /* Frameworks */ = {
			isa = PBXFrameworksBuildPhase;
			buildActionMask = 2147483647;
			files = (
			);
			runOnlyForDeploymentPostprocessing = 0;
		};
		C12778721FB1880E002FA07B /* Frameworks */ = {
			isa = PBXFrameworksBuildPhase;
			buildActionMask = 2147483647;
			files = (
			);
			runOnlyForDeploymentPostprocessing = 0;
		};
/* End PBXFrameworksBuildPhase section */

/* Begin PBXGroup section */
		C12778561FB1880E002FA07B = {
			isa = PBXGroup;
			children = (
				C12778611FB1880E002FA07B /* Boost */,
				C12778781FB1880E002FA07B /* BoostTests */,
				C12778601FB1880E002FA07B /* Products */,
			);
			sourceTree = "<group>";
		};
		C12778601FB1880E002FA07B /* Products */ = {
			isa = PBXGroup;
			children = (
				C127785F1FB1880E002FA07B /* Boost.app */,
				C12778751FB1880E002FA07B /* BoostTests.xctest */,
			);
			name = Products;
			sourceTree = "<group>";
		};
		C12778611FB1880E002FA07B /* Boost */ = {
			isa = PBXGroup;
			children = (
				C12778621FB1880E002FA07B /* AppDelegate.swift */,
				C12778681FB1880E002FA07B /* Main.storyboard */,
				C18F2D521FBA9FFC00B8F978 /* Calendar */,
				C18F2D531FBAA00800B8F978 /* Flashcard */,
				C18F2D541FBAA01900B8F978 /* Note */,
				C18F2D551FBAA02900B8F978 /* Timer */,
				C18F2D561FBAA03500B8F978 /* ToDo */,
				C127786B1FB1880E002FA07B /* Assets.xcassets */,
				C127786D1FB1880E002FA07B /* LaunchScreen.storyboard */,
				C12778701FB1880E002FA07B /* Info.plist */,
			);
			path = Boost;
			sourceTree = "<group>";
		};
		C12778781FB1880E002FA07B /* BoostTests */ = {
			isa = PBXGroup;
			children = (
				C12778791FB1880E002FA07B /* BoostTests.swift */,
				C127787B1FB1880E002FA07B /* Info.plist */,
			);
			path = BoostTests;
			sourceTree = "<group>";
		};
		C18F2D521FBA9FFC00B8F978 /* Calendar */ = {
			isa = PBXGroup;
			children = (
				C1EBB38A1FBA39C200C4A012 /* Calendar.storyboard */,
				C1EBB38C1FBA3BE300C4A012 /* CalendarViewController.swift */,
			);
			path = Calendar;
			sourceTree = "<group>";
		};
		C18F2D531FBAA00800B8F978 /* Flashcard */ = {
			isa = PBXGroup;
			children = (
				C1EBB38E1FBA3D0300C4A012 /* Flashcard.storyboard */,
				C1EBB3901FBA3DA500C4A012 /* FlashcardViewController.swift */,
			);
			path = Flashcard;
			sourceTree = "<group>";
		};
		C18F2D541FBAA01900B8F978 /* Note */ = {
			isa = PBXGroup;
			children = (
				C1EBB3921FBA404900C4A012 /* Note.storyboard */,
				C1EBB3941FBA405900C4A012 /* NoteViewController.swift */,
			);
			path = Note;
			sourceTree = "<group>";
		};
		C18F2D551FBAA02900B8F978 /* Timer */ = {
			isa = PBXGroup;
			children = (
				C1EBB3961FBA415300C4A012 /* Timer.storyboard */,
				C1EBB3981FBA416600C4A012 /* TimerViewController.swift */,
			);
			path = Timer;
			sourceTree = "<group>";
		};
		C18F2D561FBAA03500B8F978 /* ToDo */ = {
			isa = PBXGroup;
			children = (
				C1EBB39C1FBA424A00C4A012 /* ToDo.storyboard */,
				C1EBB39A1FBA421400C4A012 /* ToDoViewController.swift */,
			);
			path = ToDo;
			sourceTree = "<group>";
		};
/* End PBXGroup section */

/* Begin PBXNativeTarget section */
		C127785E1FB1880E002FA07B /* Boost */ = {
			isa = PBXNativeTarget;
			buildConfigurationList = C127787E1FB1880E002FA07B /* Build configuration list for PBXNativeTarget "Boost" */;
			buildPhases = (
				C127785B1FB1880E002FA07B /* Sources */,
				C127785C1FB1880E002FA07B /* Frameworks */,
				C127785D1FB1880E002FA07B /* Resources */,
			);
			buildRules = (
			);
			dependencies = (
			);
			name = Boost;
			productName = Boost;
			productReference = C127785F1FB1880E002FA07B /* Boost.app */;
			productType = "com.apple.product-type.application";
		};
		C12778741FB1880E002FA07B /* BoostTests */ = {
			isa = PBXNativeTarget;
			buildConfigurationList = C12778811FB1880E002FA07B /* Build configuration list for PBXNativeTarget "BoostTests" */;
			buildPhases = (
				C12778711FB1880E002FA07B /* Sources */,
				C12778721FB1880E002FA07B /* Frameworks */,
				C12778731FB1880E002FA07B /* Resources */,
			);
			buildRules = (
			);
			dependencies = (
				C12778771FB1880E002FA07B /* PBXTargetDependency */,
			);
			name = BoostTests;
			productName = BoostTests;
			productReference = C12778751FB1880E002FA07B /* BoostTests.xctest */;
			productType = "com.apple.product-type.bundle.unit-test";
		};
/* End PBXNativeTarget section */

/* Begin PBXProject section */
		C12778571FB1880E002FA07B /* Project object */ = {
			isa = PBXProject;
			attributes = {
				LastSwiftUpdateCheck = 0910;
				LastUpgradeCheck = 0910;
				ORGANIZATIONNAME = "Kelly Herron";
				TargetAttributes = {
					C127785E1FB1880E002FA07B = {
						CreatedOnToolsVersion = 9.1;
						ProvisioningStyle = Automatic;
					};
					C12778741FB1880E002FA07B = {
						CreatedOnToolsVersion = 9.1;
						ProvisioningStyle = Automatic;
						TestTargetID = C127785E1FB1880E002FA07B;
					};
				};
			};
			buildConfigurationList = C127785A1FB1880E002FA07B /* Build configuration list for PBXProject "Boost" */;
			compatibilityVersion = "Xcode 8.0";
			developmentRegion = en;
			hasScannedForEncodings = 0;
			knownRegions = (
				en,
				Base,
			);
			mainGroup = C12778561FB1880E002FA07B;
			productRefGroup = C12778601FB1880E002FA07B /* Products */;
			projectDirPath = "";
			projectRoot = "";
			targets = (
				C127785E1FB1880E002FA07B /* Boost */,
				C12778741FB1880E002FA07B /* BoostTests */,
			);
		};
/* End PBXProject section */

/* Begin PBXResourcesBuildPhase section */
		C127785D1FB1880E002FA07B /* Resources */ = {
			isa = PBXResourcesBuildPhase;
			buildActionMask = 2147483647;
			files = (
				C1EBB38B1FBA39C200C4A012 /* Calendar.storyboard in Resources */,
				C1EBB38F1FBA3D0300C4A012 /* Flashcard.storyboard in Resources */,
				C1EBB3931FBA404900C4A012 /* Note.storyboard in Resources */,
				C127786F1FB1880E002FA07B /* LaunchScreen.storyboard in Resources */,
				C1EBB39D1FBA424A00C4A012 /* ToDo.storyboard in Resources */,
				C127786C1FB1880E002FA07B /* Assets.xcassets in Resources */,
				C1EBB3971FBA415300C4A012 /* Timer.storyboard in Resources */,
				C127786A1FB1880E002FA07B /* Main.storyboard in Resources */,
			);
			runOnlyForDeploymentPostprocessing = 0;
		};
		C12778731FB1880E002FA07B /* Resources */ = {
			isa = PBXResourcesBuildPhase;
			buildActionMask = 2147483647;
			files = (
			);
			runOnlyForDeploymentPostprocessing = 0;
		};
/* End PBXResourcesBuildPhase section */

/* Begin PBXSourcesBuildPhase section */
		C127785B1FB1880E002FA07B /* Sources */ = {
			isa = PBXSourcesBuildPhase;
			buildActionMask = 2147483647;
			files = (
				C1EBB3991FBA416600C4A012 /* TimerViewController.swift in Sources */,
				C1EBB3951FBA405900C4A012 /* NoteViewController.swift in Sources */,
				C12778631FB1880E002FA07B /* AppDelegate.swift in Sources */,
				C1EBB38D1FBA3BE300C4A012 /* CalendarViewController.swift in Sources */,
				C1EBB39B1FBA421400C4A012 /* ToDoViewController.swift in Sources */,
				C1EBB3911FBA3DA500C4A012 /* FlashcardViewController.swift in Sources */,
			);
			runOnlyForDeploymentPostprocessing = 0;
		};
		C12778711FB1880E002FA07B /* Sources */ = {
			isa = PBXSourcesBuildPhase;
			buildActionMask = 2147483647;
			files = (
				C127787A1FB1880E002FA07B /* BoostTests.swift in Sources */,
			);
			runOnlyForDeploymentPostprocessing = 0;
		};
/* End PBXSourcesBuildPhase section */

/* Begin PBXTargetDependency section */
		C12778771FB1880E002FA07B /* PBXTargetDependency */ = {
			isa = PBXTargetDependency;
			target = C127785E1FB1880E002FA07B /* Boost */;
			targetProxy = C12778761FB1880E002FA07B /* PBXContainerItemProxy */;
		};
/* End PBXTargetDependency section */

/* Begin PBXVariantGroup section */
		C12778681FB1880E002FA07B /* Main.storyboard */ = {
			isa = PBXVariantGroup;
			children = (
				C12778691FB1880E002FA07B /* Base */,
			);
			name = Main.storyboard;
			sourceTree = "<group>";
		};
		C127786D1FB1880E002FA07B /* LaunchScreen.storyboard */ = {
			isa = PBXVariantGroup;
			children = (
				C127786E1FB1880E002FA07B /* Base */,
			);
			name = LaunchScreen.storyboard;
			sourceTree = "<group>";
		};
/* End PBXVariantGroup section */

/* Begin XCBuildConfiguration section */
		C127787C1FB1880E002FA07B /* Debug */ = {
			isa = XCBuildConfiguration;
			buildSettings = {
				ALWAYS_SEARCH_USER_PATHS = NO;
				CLANG_ANALYZER_NONNULL = YES;
				CLANG_ANALYZER_NUMBER_OBJECT_CONVERSION = YES_AGGRESSIVE;
				CLANG_CXX_LANGUAGE_STANDARD = "gnu++14";
				CLANG_CXX_LIBRARY = "libc++";
				CLANG_ENABLE_MODULES = YES;
				CLANG_ENABLE_OBJC_ARC = YES;
				CLANG_WARN_BLOCK_CAPTURE_AUTORELEASING = YES;
				CLANG_WARN_BOOL_CONVERSION = YES;
				CLANG_WARN_COMMA = YES;
				CLANG_WARN_CONSTANT_CONVERSION = YES;
				CLANG_WARN_DIRECT_OBJC_ISA_USAGE = YES_ERROR;
				CLANG_WARN_DOCUMENTATION_COMMENTS = YES;
				CLANG_WARN_EMPTY_BODY = YES;
				CLANG_WARN_ENUM_CONVERSION = YES;
				CLANG_WARN_INFINITE_RECURSION = YES;
				CLANG_WARN_INT_CONVERSION = YES;
				CLANG_WARN_NON_LITERAL_NULL_CONVERSION = YES;
				CLANG_WARN_OBJC_LITERAL_CONVERSION = YES;
				CLANG_WARN_OBJC_ROOT_CLASS = YES_ERROR;
				CLANG_WARN_RANGE_LOOP_ANALYSIS = YES;
				CLANG_WARN_STRICT_PROTOTYPES = YES;
				CLANG_WARN_SUSPICIOUS_MOVE = YES;
				CLANG_WARN_UNGUARDED_AVAILABILITY = YES_AGGRESSIVE;
				CLANG_WARN_UNREACHABLE_CODE = YES;
				CLANG_WARN__DUPLICATE_METHOD_MATCH = YES;
				CODE_SIGN_IDENTITY = "iPhone Developer";
				COPY_PHASE_STRIP = NO;
				DEBUG_INFORMATION_FORMAT = dwarf;
				ENABLE_STRICT_OBJC_MSGSEND = YES;
				ENABLE_TESTABILITY = YES;
				GCC_C_LANGUAGE_STANDARD = gnu11;
				GCC_DYNAMIC_NO_PIC = NO;
				GCC_NO_COMMON_BLOCKS = YES;
				GCC_OPTIMIZATION_LEVEL = 0;
				GCC_PREPROCESSOR_DEFINITIONS = (
					"DEBUG=1",
					"$(inherited)",
				);
				GCC_WARN_64_TO_32_BIT_CONVERSION = YES;
				GCC_WARN_ABOUT_RETURN_TYPE = YES_ERROR;
				GCC_WARN_UNDECLARED_SELECTOR = YES;
				GCC_WARN_UNINITIALIZED_AUTOS = YES_AGGRESSIVE;
				GCC_WARN_UNUSED_FUNCTION = YES;
				GCC_WARN_UNUSED_VARIABLE = YES;
				IPHONEOS_DEPLOYMENT_TARGET = 11.1;
				MTL_ENABLE_DEBUG_INFO = YES;
				ONLY_ACTIVE_ARCH = YES;
				SDKROOT = iphoneos;
				SWIFT_ACTIVE_COMPILATION_CONDITIONS = DEBUG;
				SWIFT_OPTIMIZATION_LEVEL = "-Onone";
			};
			name = Debug;
		};
		C127787D1FB1880E002FA07B /* Release */ = {
			isa = XCBuildConfiguration;
			buildSettings = {
				ALWAYS_SEARCH_USER_PATHS = NO;
				CLANG_ANALYZER_NONNULL = YES;
				CLANG_ANALYZER_NUMBER_OBJECT_CONVERSION = YES_AGGRESSIVE;
				CLANG_CXX_LANGUAGE_STANDARD = "gnu++14";
				CLANG_CXX_LIBRARY = "libc++";
				CLANG_ENABLE_MODULES = YES;
				CLANG_ENABLE_OBJC_ARC = YES;
				CLANG_WARN_BLOCK_CAPTURE_AUTORELEASING = YES;
				CLANG_WARN_BOOL_CONVERSION = YES;
				CLANG_WARN_COMMA = YES;
				CLANG_WARN_CONSTANT_CONVERSION = YES;
				CLANG_WARN_DIRECT_OBJC_ISA_USAGE = YES_ERROR;
				CLANG_WARN_DOCUMENTATION_COMMENTS = YES;
				CLANG_WARN_EMPTY_BODY = YES;
				CLANG_WARN_ENUM_CONVERSION = YES;
				CLANG_WARN_INFINITE_RECURSION = YES;
				CLANG_WARN_INT_CONVERSION = YES;
				CLANG_WARN_NON_LITERAL_NULL_CONVERSION = YES;
				CLANG_WARN_OBJC_LITERAL_CONVERSION = YES;
				CLANG_WARN_OBJC_ROOT_CLASS = YES_ERROR;
				CLANG_WARN_RANGE_LOOP_ANALYSIS = YES;
				CLANG_WARN_STRICT_PROTOTYPES = YES;
				CLANG_WARN_SUSPICIOUS_MOVE = YES;
				CLANG_WARN_UNGUARDED_AVAILABILITY = YES_AGGRESSIVE;
				CLANG_WARN_UNREACHABLE_CODE = YES;
				CLANG_WARN__DUPLICATE_METHOD_MATCH = YES;
				CODE_SIGN_IDENTITY = "iPhone Developer";
				COPY_PHASE_STRIP = NO;
				DEBUG_INFORMATION_FORMAT = "dwarf-with-dsym";
				ENABLE_NS_ASSERTIONS = NO;
				ENABLE_STRICT_OBJC_MSGSEND = YES;
				GCC_C_LANGUAGE_STANDARD = gnu11;
				GCC_NO_COMMON_BLOCKS = YES;
				GCC_WARN_64_TO_32_BIT_CONVERSION = YES;
				GCC_WARN_ABOUT_RETURN_TYPE = YES_ERROR;
				GCC_WARN_UNDECLARED_SELECTOR = YES;
				GCC_WARN_UNINITIALIZED_AUTOS = YES_AGGRESSIVE;
				GCC_WARN_UNUSED_FUNCTION = YES;
				GCC_WARN_UNUSED_VARIABLE = YES;
				IPHONEOS_DEPLOYMENT_TARGET = 11.1;
				MTL_ENABLE_DEBUG_INFO = NO;
				SDKROOT = iphoneos;
				SWIFT_OPTIMIZATION_LEVEL = "-Owholemodule";
				VALIDATE_PRODUCT = YES;
			};
			name = Release;
		};
		C127787F1FB1880E002FA07B /* Debug */ = {
			isa = XCBuildConfiguration;
			buildSettings = {
				ASSETCATALOG_COMPILER_APPICON_NAME = AppIcon;
				CODE_SIGN_STYLE = Automatic;
				INFOPLIST_FILE = Boost/Info.plist;
				LD_RUNPATH_SEARCH_PATHS = "$(inherited) @executable_path/Frameworks";
				PRODUCT_BUNDLE_IDENTIFIER = com.example.Boost;
				PRODUCT_NAME = "$(TARGET_NAME)";
				SWIFT_VERSION = 4.0;
				TARGETED_DEVICE_FAMILY = "1,2";
			};
			name = Debug;
		};
		C12778801FB1880E002FA07B /* Release */ = {
			isa = XCBuildConfiguration;
			buildSettings = {
				ASSETCATALOG_COMPILER_APPICON_NAME = AppIcon;
				CODE_SIGN_STYLE = Automatic;
				INFOPLIST_FILE = Boost/Info.plist;
				LD_RUNPATH_SEARCH_PATHS = "$(inherited) @executable_path/Frameworks";
				PRODUCT_BUNDLE_IDENTIFIER = com.example.Boost;
				PRODUCT_NAME = "$(TARGET_NAME)";
				SWIFT_VERSION = 4.0;
				TARGETED_DEVICE_FAMILY = "1,2";
			};
			name = Release;
		};
		C12778821FB1880E002FA07B /* Debug */ = {
			isa = XCBuildConfiguration;
			buildSettings = {
				ALWAYS_EMBED_SWIFT_STANDARD_LIBRARIES = YES;
				BUNDLE_LOADER = "$(TEST_HOST)";
				CODE_SIGN_STYLE = Automatic;
				INFOPLIST_FILE = BoostTests/Info.plist;
				LD_RUNPATH_SEARCH_PATHS = "$(inherited) @executable_path/Frameworks @loader_path/Frameworks";
				PRODUCT_BUNDLE_IDENTIFIER = com.example.BoostTests;
				PRODUCT_NAME = "$(TARGET_NAME)";
				SWIFT_VERSION = 4.0;
				TARGETED_DEVICE_FAMILY = "1,2";
				TEST_HOST = "$(BUILT_PRODUCTS_DIR)/Boost.app/Boost";
			};
			name = Debug;
		};
		C12778831FB1880E002FA07B /* Release */ = {
			isa = XCBuildConfiguration;
			buildSettings = {
				ALWAYS_EMBED_SWIFT_STANDARD_LIBRARIES = YES;
				BUNDLE_LOADER = "$(TEST_HOST)";
				CODE_SIGN_STYLE = Automatic;
				INFOPLIST_FILE = BoostTests/Info.plist;
				LD_RUNPATH_SEARCH_PATHS = "$(inherited) @executable_path/Frameworks @loader_path/Frameworks";
				PRODUCT_BUNDLE_IDENTIFIER = com.example.BoostTests;
				PRODUCT_NAME = "$(TARGET_NAME)";
				SWIFT_VERSION = 4.0;
				TARGETED_DEVICE_FAMILY = "1,2";
				TEST_HOST = "$(BUILT_PRODUCTS_DIR)/Boost.app/Boost";
			};
			name = Release;
		};
/* End XCBuildConfiguration section */

/* Begin XCConfigurationList section */
		C127785A1FB1880E002FA07B /* Build configuration list for PBXProject "Boost" */ = {
			isa = XCConfigurationList;
			buildConfigurations = (
				C127787C1FB1880E002FA07B /* Debug */,
				C127787D1FB1880E002FA07B /* Release */,
			);
			defaultConfigurationIsVisible = 0;
			defaultConfigurationName = Release;
		};
		C127787E1FB1880E002FA07B /* Build configuration list for PBXNativeTarget "Boost" */ = {
			isa = XCConfigurationList;
			buildConfigurations = (
				C127787F1FB1880E002FA07B /* Debug */,
				C12778801FB1880E002FA07B /* Release */,
			);
			defaultConfigurationIsVisible = 0;
			defaultConfigurationName = Release;
		};
		C12778811FB1880E002FA07B /* Build configuration list for PBXNativeTarget "BoostTests" */ = {
			isa = XCConfigurationList;
			buildConfigurations = (
				C12778821FB1880E002FA07B /* Debug */,
				C12778831FB1880E002FA07B /* Release */,
			);
			defaultConfigurationIsVisible = 0;
			defaultConfigurationName = Release;
		};
/* End XCConfigurationList section */
	};
	rootObject = C12778571FB1880E002FA07B /* Project object */;
}
